
Microsoft Visual Studio Solution File, Format Version 12.00
# Visual Studio 15
VisualStudioVersion = 15.0.28307.168
MinimumVisualStudioVersion = 10.0.40219.1
Project("{FAE04EC0-301F-11D3-BF4B-00C04F79EFBC}") = "WebCrawler", "ConsoleApp1\WebCrawler.csproj", "{DF324ECE-620D-4E7B-915F-29D5C320A04B}"
EndProject
Global
	GlobalSection(SolutionConfigurationPlatforms) = preSolution
		Debug|Any CPU = Debug|Any CPU
		Release|Any CPU = Release|Any CPU
	EndGlobalSection
	GlobalSection(ProjectConfigurationPlatforms) = postSolution
		{DF324ECE-620D-4E7B-915F-29D5C320A04B}.Debug|Any CPU.ActiveCfg = Debug|Any CPU
		{DF324ECE-620D-4E7B-915F-29D5C320A04B}.Debug|Any CPU.Build.0 = Debug|Any CPU
		{DF324ECE-620D-4E7B-915F-29D5C320A04B}.Release|Any CPU.ActiveCfg = Release|Any CPU
		{DF324ECE-620D-4E7B-915F-29D5C320A04B}.Release|Any CPU.Build.0 = Release|Any CPU
	EndGlobalSection
	GlobalSection(SolutionProperties) = preSolution
		HideSolutionNode = FALSE
	EndGlobalSection
	GlobalSection(ExtensibilityGlobals) = postSolution
		SolutionGuid = {683334E1-5D05-4C90-B9DB-D0BE90854C9E}
	EndGlobalSection
EndGlobal
